// !$*UTF8*$!
{
	archiveVersion = 1;
	classes = {
	};
	objectVersion = 50;
	objects = {

/* Begin PBXBuildFile section */
		CF5C749A223CB7C900F8A142 /* AppDelegate.swift in Sources */ = {isa = PBXBuildFile; fileRef = CF5C7499223CB7C900F8A142 /* AppDelegate.swift */; };
		CF5C749C223CB7C900F8A142 /* ViewController.swift in Sources */ = {isa = PBXBuildFile; fileRef = CF5C749B223CB7C900F8A142 /* ViewController.swift */; };
		CF5C749F223CB7C900F8A142 /* Main.storyboard in Resources */ = {isa = PBXBuildFile; fileRef = CF5C749D223CB7C900F8A142 /* Main.storyboard */; };
		CF5C74A2223CB7C900F8A142 /* CTwitter.xcdatamodeld in Sources */ = {isa = PBXBuildFile; fileRef = CF5C74A0223CB7C900F8A142 /* CTwitter.xcdatamodeld */; };
		CF5C74A4223CB7CA00F8A142 /* Assets.xcassets in Resources */ = {isa = PBXBuildFile; fileRef = CF5C74A3223CB7CA00F8A142 /* Assets.xcassets */; };
		CF5C74A7223CB7CA00F8A142 /* LaunchScreen.storyboard in Resources */ = {isa = PBXBuildFile; fileRef = CF5C74A5223CB7CA00F8A142 /* LaunchScreen.storyboard */; };
/* End PBXBuildFile section */

/* Begin PBXFileReference section */
		CF5C7496223CB7C900F8A142 /* CTwitter.app */ = {isa = PBXFileReference; explicitFileType = wrapper.application; includeInIndex = 0; path = CTwitter.app; sourceTree = BUILT_PRODUCTS_DIR; };
		CF5C7499223CB7C900F8A142 /* AppDelegate.swift */ = {isa = PBXFileReference; lastKnownFileType = sourcecode.swift; path = AppDelegate.swift; sourceTree = "<group>"; };
		CF5C749B223CB7C900F8A142 /* ViewController.swift */ = {isa = PBXFileReference; lastKnownFileType = sourcecode.swift; path = ViewController.swift; sourceTree = "<group>"; };
		CF5C749E223CB7C900F8A142 /* Base */ = {isa = PBXFileReference; lastKnownFileType = file.storyboard; name = Base; path = Base.lproj/Main.storyboard; sourceTree = "<group>"; };
		CF5C74A1223CB7C900F8A142 /* CTwitter.xcdatamodel */ = {isa = PBXFileReference; lastKnownFileType = wrapper.xcdatamodel; path = CTwitter.xcdatamodel; sourceTree = "<group>"; };
		CF5C74A3223CB7CA00F8A142 /* Assets.xcassets */ = {isa = PBXFileReference; lastKnownFileType = folder.assetcatalog; path = Assets.xcassets; sourceTree = "<group>"; };
		CF5C74A6223CB7CA00F8A142 /* Base */ = {isa = PBXFileReference; lastKnownFileType = file.storyboard; name = Base; path = Base.lproj/LaunchScreen.storyboard; sourceTree = "<group>"; };
		CF5C74A8223CB7CA00F8A142 /* Info.plist */ = {isa = PBXFileReference; lastKnownFileType = text.plist.xml; path = Info.plist; sourceTree = "<group>"; };
/* End PBXFileReference section */

/* Begin PBXFrameworksBuildPhase section */
		CF5C7493223CB7C900F8A142 /* Frameworks */ = {
			isa = PBXFrameworksBuildPhase;
			buildActionMask = 2147483647;
			files = (
			);
			runOnlyForDeploymentPostprocessing = 0;
		};
/* End PBXFrameworksBuildPhase section */

/* Begin PBXGroup section */
		CF5C748D223CB7C900F8A142 = {
			isa = PBXGroup;
			children = (
				CF5C7498223CB7C900F8A142 /* CTwitter */,
				CF5C7497223CB7C900F8A142 /* Products */,
			);
			sourceTree = "<group>";
		};
		CF5C7497223CB7C900F8A142 /* Products */ = {
			isa = PBXGroup;
			children = (
				CF5C7496223CB7C900F8A142 /* CTwitter.app */,
			);
			name = Products;
			sourceTree = "<group>";
		};
		CF5C7498223CB7C900F8A142 /* CTwitter */ = {
			isa = PBXGroup;
			children = (
				CF5C7499223CB7C900F8A142 /* AppDelegate.swift */,
				CF5C749B223CB7C900F8A142 /* ViewController.swift */,
				CF5C749D223CB7C900F8A142 /* Main.storyboard */,
				CF5C74A3223CB7CA00F8A142 /* Assets.xcassets */,
				CF5C74A5223CB7CA00F8A142 /* LaunchScreen.storyboard */,
				CF5C74A8223CB7CA00F8A142 /* Info.plist */,
				CF5C74A0223CB7C900F8A142 /* CTwitter.xcdatamodeld */,
			);
			path = CTwitter;
			sourceTree = "<group>";
		};
/* End PBXGroup section */

/* Begin PBXNativeTarget section */
		CF5C7495223CB7C900F8A142 /* CTwitter */ = {
			isa = PBXNativeTarget;
			buildConfigurationList = CF5C74AB223CB7CA00F8A142 /* Build configuration list for PBXNativeTarget "CTwitter" */;
			buildPhases = (
				CF5C7492223CB7C900F8A142 /* Sources */,
				CF5C7493223CB7C900F8A142 /* Frameworks */,
				CF5C7494223CB7C900F8A142 /* Resources */,
			);
			buildRules = (
			);
			dependencies = (
			);
			name = CTwitter;
			productName = CTwitter;
			productReference = CF5C7496223CB7C900F8A142 /* CTwitter.app */;
			productType = "com.apple.product-type.application";
		};
/* End PBXNativeTarget section */

/* Begin PBXProject section */
		CF5C748E223CB7C900F8A142 /* Project object */ = {
			isa = PBXProject;
			attributes = {
				LastSwiftUpdateCheck = 1010;
				LastUpgradeCheck = 1010;
				ORGANIZATIONNAME = spectrumdt;
				TargetAttributes = {
					CF5C7495223CB7C900F8A142 = {
						CreatedOnToolsVersion = 10.1;
					};
				};
			};
			buildConfigurationList = CF5C7491223CB7C900F8A142 /* Build configuration list for PBXProject "CTwitter" */;
			compatibilityVersion = "Xcode 9.3";
			developmentRegion = en;
			hasScannedForEncodings = 0;
			knownRegions = (
				en,
				Base,
			);
			mainGroup = CF5C748D223CB7C900F8A142;
			productRefGroup = CF5C7497223CB7C900F8A142 /* Products */;
			projectDirPath = "";
			projectRoot = "";
			targets = (
				CF5C7495223CB7C900F8A142 /* CTwitter */,
			);
		};
/* End PBXProject section */

/* Begin PBXResourcesBuildPhase section */
		CF5C7494223CB7C900F8A142 /* Resources */ = {
			isa = PBXResourcesBuildPhase;
			buildActionMask = 2147483647;
			files = (
				CF5C74A7223CB7CA00F8A142 /* LaunchScreen.storyboard in Resources */,
				CF5C74A4223CB7CA00F8A142 /* Assets.xcassets in Resources */,
				CF5C749F223CB7C900F8A142 /* Main.storyboard in Resources */,
			);
			runOnlyForDeploymentPostprocessing = 0;
		};
/* End PBXResourcesBuildPhase section */

/* Begin PBXSourcesBuildPhase section */
		CF5C7492223CB7C900F8A142 /* Sources */ = {
			isa = PBXSourcesBuildPhase;
			buildActionMask = 2147483647;
			files = (
				CF5C74A2223CB7C900F8A142 /* CTwitter.xcdatamodeld in Sources */,
				CF5C749C223CB7C900F8A142 /* ViewController.swift in Sources */,
				CF5C749A223CB7C900F8A142 /* AppDelegate.swift in Sources */,
			);
			runOnlyForDeploymentPostprocessing = 0;
		};
/* End PBXSourcesBuildPhase section */

/* Begin PBXVariantGroup section */
		CF5C749D223CB7C900F8A142 /* Main.storyboard */ = {
			isa = PBXVariantGroup;
			children = (
				CF5C749E223CB7C900F8A142 /* Base */,
			);
			name = Main.storyboard;
			sourceTree = "<group>";
		};
		CF5C74A5223CB7CA00F8A142 /* LaunchScreen.storyboard */ = {
			isa = PBXVariantGroup;
			children = (
				CF5C74A6223CB7CA00F8A142 /* Base */,
			);
			name = LaunchScreen.storyboard;
			sourceTree = "<group>";
		};
/* End PBXVariantGroup section */

/* Begin XCBuildConfiguration section */
		CF5C74A9223CB7CA00F8A142 /* Debug */ = {
			isa = XCBuildConfiguration;
			buildSettings = {
				ALWAYS_SEARCH_USER_PATHS = NO;
				CLANG_ANALYZER_NONNULL = YES;
				CLANG_ANALYZER_NUMBER_OBJECT_CONVERSION = YES_AGGRESSIVE;
				CLANG_CXX_LANGUAGE_STANDARD = "gnu++14";
				CLANG_CXX_LIBRARY = "libc++";
				CLANG_ENABLE_MODULES = YES;
				CLANG_ENABLE_OBJC_ARC = YES;
				CLANG_ENABLE_OBJC_WEAK = YES;
				CLANG_WARN_BLOCK_CAPTURE_AUTORELEASING = YES;
				CLANG_WARN_BOOL_CONVERSION = YES;
				CLANG_WARN_COMMA = YES;
				CLANG_WARN_CONSTANT_CONVERSION = YES;
				CLANG_WARN_DEPRECATED_OBJC_IMPLEMENTATIONS = YES;
				CLANG_WARN_DIRECT_OBJC_ISA_USAGE = YES_ERROR;
				CLANG_WARN_DOCUMENTATION_COMMENTS = YES;
				CLANG_WARN_EMPTY_BODY = YES;
				CLANG_WARN_ENUM_CONVERSION = YES;
				CLANG_WARN_INFINITE_RECURSION = YES;
				CLANG_WARN_INT_CONVERSION = YES;
				CLANG_WARN_NON_LITERAL_NULL_CONVERSION = YES;
				CLANG_WARN_OBJC_IMPLICIT_RETAIN_SELF = YES;
				CLANG_WARN_OBJC_LITERAL_CONVERSION = YES;
				CLANG_WARN_OBJC_ROOT_CLASS = YES_ERROR;
				CLANG_WARN_RANGE_LOOP_ANALYSIS = YES;
				CLANG_WARN_STRICT_PROTOTYPES = YES;
				CLANG_WARN_SUSPICIOUS_MOVE = YES;
				CLANG_WARN_UNGUARDED_AVAILABILITY = YES_AGGRESSIVE;
				CLANG_WARN_UNREACHABLE_CODE = YES;
				CLANG_WARN__DUPLICATE_METHOD_MATCH = YES;
				CODE_SIGN_IDENTITY = "iPhone Developer";
				COPY_PHASE_STRIP = NO;
				DEBUG_INFORMATION_FORMAT = dwarf;
				ENABLE_STRICT_OBJC_MSGSEND = YES;
				ENABLE_TESTABILITY = YES;
				GCC_C_LANGUAGE_STANDARD = gnu11;
				GCC_DYNAMIC_NO_PIC = NO;
				GCC_NO_COMMON_BLOCKS = YES;
				GCC_OPTIMIZATION_LEVEL = 0;
				GCC_PREPROCESSOR_DEFINITIONS = (
					"DEBUG=1",
					"$(inherited)",
				);
				GCC_WARN_64_TO_32_BIT_CONVERSION = YES;
				GCC_WARN_ABOUT_RETURN_TYPE = YES_ERROR;
				GCC_WARN_UNDECLARED_SELECTOR = YES;
				GCC_WARN_UNINITIALIZED_AUTOS = YES_AGGRESSIVE;
				GCC_WARN_UNUSED_FUNCTION = YES;
				GCC_WARN_UNUSED_VARIABLE = YES;
				IPHONEOS_DEPLOYMENT_TARGET = 12.1;
				MTL_ENABLE_DEBUG_INFO = INCLUDE_SOURCE;
				MTL_FAST_MATH = YES;
				ONLY_ACTIVE_ARCH = YES;
				SDKROOT = iphoneos;
				SWIFT_ACTIVE_COMPILATION_CONDITIONS = DEBUG;
				SWIFT_OPTIMIZATION_LEVEL = "-Onone";
			};
			name = Debug;
		};
		CF5C74AA223CB7CA00F8A142 /* Release */ = {
			isa = XCBuildConfiguration;
			buildSettings = {
				ALWAYS_SEARCH_USER_PATHS = NO;
				CLANG_ANALYZER_NONNULL = YES;
				CLANG_ANALYZER_NUMBER_OBJECT_CONVERSION = YES_AGGRESSIVE;
				CLANG_CXX_LANGUAGE_STANDARD = "gnu++14";
				CLANG_CXX_LIBRARY = "libc++";
				CLANG_ENABLE_MODULES = YES;
				CLANG_ENABLE_OBJC_ARC = YES;
				CLANG_ENABLE_OBJC_WEAK = YES;
				CLANG_WARN_BLOCK_CAPTURE_AUTORELEASING = YES;
				CLANG_WARN_BOOL_CONVERSION = YES;
				CLANG_WARN_COMMA = YES;
				CLANG_WARN_CONSTANT_CONVERSION = YES;
				CLANG_WARN_DEPRECATED_OBJC_IMPLEMENTATIONS = YES;
				CLANG_WARN_DIRECT_OBJC_ISA_USAGE = YES_ERROR;
				CLANG_WARN_DOCUMENTATION_COMMENTS = YES;
				CLANG_WARN_EMPTY_BODY = YES;
				CLANG_WARN_ENUM_CONVERSION = YES;
				CLANG_WARN_INFINITE_RECURSION = YES;
				CLANG_WARN_INT_CONVERSION = YES;
				CLANG_WARN_NON_LITERAL_NULL_CONVERSION = YES;
				CLANG_WARN_OBJC_IMPLICIT_RETAIN_SELF = YES;
				CLANG_WARN_OBJC_LITERAL_CONVERSION = YES;
				CLANG_WARN_OBJC_ROOT_CLASS = YES_ERROR;
				CLANG_WARN_RANGE_LOOP_ANALYSIS = YES;
				CLANG_WARN_STRICT_PROTOTYPES = YES;
				CLANG_WARN_SUSPICIOUS_MOVE = YES;
				CLANG_WARN_UNGUARDED_AVAILABILITY = YES_AGGRESSIVE;
				CLANG_WARN_UNREACHABLE_CODE = YES;
				CLANG_WARN__DUPLICATE_METHOD_MATCH = YES;
				CODE_SIGN_IDENTITY = "iPhone Developer";
				COPY_PHASE_STRIP = NO;
				DEBUG_INFORMATION_FORMAT = "dwarf-with-dsym";
				ENABLE_NS_ASSERTIONS = NO;
				ENABLE_STRICT_OBJC_MSGSEND = YES;
				GCC_C_LANGUAGE_STANDARD = gnu11;
				GCC_NO_COMMON_BLOCKS = YES;
				GCC_WARN_64_TO_32_BIT_CONVERSION = YES;
				GCC_WARN_ABOUT_RETURN_TYPE = YES_ERROR;
				GCC_WARN_UNDECLARED_SELECTOR = YES;
				GCC_WARN_UNINITIALIZED_AUTOS = YES_AGGRESSIVE;
				GCC_WARN_UNUSED_FUNCTION = YES;
				GCC_WARN_UNUSED_VARIABLE = YES;
				IPHONEOS_DEPLOYMENT_TARGET = 12.1;
				MTL_ENABLE_DEBUG_INFO = NO;
				MTL_FAST_MATH = YES;
				SDKROOT = iphoneos;
				SWIFT_COMPILATION_MODE = wholemodule;
				SWIFT_OPTIMIZATION_LEVEL = "-O";
				VALIDATE_PRODUCT = YES;
			};
			name = Release;
		};
		CF5C74AC223CB7CA00F8A142 /* Debug */ = {
			isa = XCBuildConfiguration;
			buildSettings = {
				ASSETCATALOG_COMPILER_APPICON_NAME = AppIcon;
				CODE_SIGN_STYLE = Automatic;
				DEVELOPMENT_TEAM = 63RW2882N7;
				INFOPLIST_FILE = CTwitter/Info.plist;
				LD_RUNPATH_SEARCH_PATHS = (
					"$(inherited)",
					"@executable_path/Frameworks",
				);
				PRODUCT_BUNDLE_IDENTIFIER = com.Spectrumdt.CTwitter;
				PRODUCT_NAME = "$(TARGET_NAME)";
				SWIFT_VERSION = 4.2;
				TARGETED_DEVICE_FAMILY = "1,2";
			};
			name = Debug;
		};
		CF5C74AD223CB7CA00F8A142 /* Release */ = {
			isa = XCBuildConfiguration;
			buildSettings = {
				ASSETCATALOG_COMPILER_APPICON_NAME = AppIcon;
				CODE_SIGN_STYLE = Automatic;
				DEVELOPMENT_TEAM = 63RW2882N7;
				INFOPLIST_FILE = CTwitter/Info.plist;
				LD_RUNPATH_SEARCH_PATHS = (
					"$(inherited)",
					"@executable_path/Frameworks",
				);
				PRODUCT_BUNDLE_IDENTIFIER = com.Spectrumdt.CTwitter;
				PRODUCT_NAME = "$(TARGET_NAME)";
				SWIFT_VERSION = 4.2;
				TARGETED_DEVICE_FAMILY = "1,2";
			};
			name = Release;
		};
/* End XCBuildConfiguration section */

/* Begin XCConfigurationList section */
		CF5C7491223CB7C900F8A142 /* Build configuration list for PBXProject "CTwitter" */ = {
			isa = XCConfigurationList;
			buildConfigurations = (
				CF5C74A9223CB7CA00F8A142 /* Debug */,
				CF5C74AA223CB7CA00F8A142 /* Release */,
			);
			defaultConfigurationIsVisible = 0;
			defaultConfigurationName = Release;
		};
		CF5C74AB223CB7CA00F8A142 /* Build configuration list for PBXNativeTarget "CTwitter" */ = {
			isa = XCConfigurationList;
			buildConfigurations = (
				CF5C74AC223CB7CA00F8A142 /* Debug */,
				CF5C74AD223CB7CA00F8A142 /* Release */,
			);
			defaultConfigurationIsVisible = 0;
			defaultConfigurationName = Release;
		};
/* End XCConfigurationList section */

/* Begin XCVersionGroup section */
		CF5C74A0223CB7C900F8A142 /* CTwitter.xcdatamodeld */ = {
			isa = XCVersionGroup;
			children = (
				CF5C74A1223CB7C900F8A142 /* CTwitter.xcdatamodel */,
			);
			currentVersion = CF5C74A1223CB7C900F8A142 /* CTwitter.xcdatamodel */;
			path = CTwitter.xcdatamodeld;
			sourceTree = "<group>";
			versionGroupType = wrapper.xcdatamodel;
		};
/* End XCVersionGroup section */
	};
	rootObject = CF5C748E223CB7C900F8A142 /* Project object */;
}
